
Microsoft Visual Studio Solution File, Format Version 12.00
# Visual Studio Version 16
VisualStudioVersion = 16.0.29609.76
MinimumVisualStudioVersion = 10.0.40219.1
Project("{FAE04EC0-301F-11D3-BF4B-00C04F79EFBC}") = "MVP-tema1-Calculator", "MVP-tema1-Calculator\MVP-tema1-Calculator.csproj", "{ED869D3F-2331-40CB-B17E-35C04C1165F5}"
EndProject
Global
	GlobalSection(SolutionConfigurationPlatforms) = preSolution
		Debug|Any CPU = Debug|Any CPU
		Release|Any CPU = Release|Any CPU
	EndGlobalSection
	GlobalSection(ProjectConfigurationPlatforms) = postSolution
		{ED869D3F-2331-40CB-B17E-35C04C1165F5}.Debug|Any CPU.ActiveCfg = Debug|Any CPU
		{ED869D3F-2331-40CB-B17E-35C04C1165F5}.Debug|Any CPU.Build.0 = Debug|Any CPU
		{ED869D3F-2331-40CB-B17E-35C04C1165F5}.Release|Any CPU.ActiveCfg = Release|Any CPU
		{ED869D3F-2331-40CB-B17E-35C04C1165F5}.Release|Any CPU.Build.0 = Release|Any CPU
	EndGlobalSection
	GlobalSection(SolutionProperties) = preSolution
		HideSolutionNode = FALSE
	EndGlobalSection
	GlobalSection(ExtensibilityGlobals) = postSolution
		SolutionGuid = {3B6DD2A8-8024-44B9-A8CD-14F6BE8F61CE}
	EndGlobalSection
EndGlobal
