
Microsoft Visual Studio Solution File, Format Version 12.00
# Visual Studio Version 16
VisualStudioVersion = 16.0.29609.76
MinimumVisualStudioVersion = 10.0.40219.1
Project("{FAE04EC0-301F-11D3-BF4B-00C04F79EFBC}") = "MVP-tema2-Hangman", "MVP-tema2-Hangman\MVP-tema2-Hangman.csproj", "{7874BB0A-9D33-4468-B451-399EF35F7D1C}"
EndProject
Project("{00D1A9C2-B5F0-4AF3-8072-F6C62B433612}") = "Hangman-Database", "Hangman-Database\Hangman-Database.sqlproj", "{E1F7B4A6-39C8-46C4-8A08-CB07833D037C}"
EndProject
Global
	GlobalSection(SolutionConfigurationPlatforms) = preSolution
		Debug|Any CPU = Debug|Any CPU
		Release|Any CPU = Release|Any CPU
	EndGlobalSection
	GlobalSection(ProjectConfigurationPlatforms) = postSolution
		{7874BB0A-9D33-4468-B451-399EF35F7D1C}.Debug|Any CPU.ActiveCfg = Debug|Any CPU
		{7874BB0A-9D33-4468-B451-399EF35F7D1C}.Debug|Any CPU.Build.0 = Debug|Any CPU
		{7874BB0A-9D33-4468-B451-399EF35F7D1C}.Release|Any CPU.ActiveCfg = Release|Any CPU
		{7874BB0A-9D33-4468-B451-399EF35F7D1C}.Release|Any CPU.Build.0 = Release|Any CPU
		{E1F7B4A6-39C8-46C4-8A08-CB07833D037C}.Debug|Any CPU.ActiveCfg = Debug|Any CPU
		{E1F7B4A6-39C8-46C4-8A08-CB07833D037C}.Debug|Any CPU.Build.0 = Debug|Any CPU
		{E1F7B4A6-39C8-46C4-8A08-CB07833D037C}.Debug|Any CPU.Deploy.0 = Debug|Any CPU
		{E1F7B4A6-39C8-46C4-8A08-CB07833D037C}.Release|Any CPU.ActiveCfg = Release|Any CPU
		{E1F7B4A6-39C8-46C4-8A08-CB07833D037C}.Release|Any CPU.Build.0 = Release|Any CPU
		{E1F7B4A6-39C8-46C4-8A08-CB07833D037C}.Release|Any CPU.Deploy.0 = Release|Any CPU
	EndGlobalSection
	GlobalSection(SolutionProperties) = preSolution
		HideSolutionNode = FALSE
	EndGlobalSection
	GlobalSection(ExtensibilityGlobals) = postSolution
		SolutionGuid = {40A12B9F-8B49-4F11-955E-44B35EFBEC28}
	EndGlobalSection
EndGlobal
